// !$*UTF8*$!
{
	archiveVersion = 1;
	classes = {
	};
	objectVersion = 56;
	objects = {

/* Begin PBXBuildFile section */
		839917562CDAFF240024137D /* SettingViewModel.swift in Sources */ = {isa = PBXBuildFile; fileRef = 839917552CDAFF240024137D /* SettingViewModel.swift */; };
		8399175A2CDB0E120024137D /* ViewControllerBielder.swift in Sources */ = {isa = PBXBuildFile; fileRef = 839917592CDB0E120024137D /* ViewControllerBielder.swift */; };
		8399175E2CDB0E860024137D /* AboutAppViewController.swift in Sources */ = {isa = PBXBuildFile; fileRef = 8399175D2CDB0E860024137D /* AboutAppViewController.swift */; };
		839917602CDB0EAE0024137D /* AboutAppViewModel.swift in Sources */ = {isa = PBXBuildFile; fileRef = 8399175F2CDB0EAE0024137D /* AboutAppViewModel.swift */; };
		839917652CDB16380024137D /* UITapGestureRecognizer +Extension.swift in Sources */ = {isa = PBXBuildFile; fileRef = 839917642CDB16380024137D /* UITapGestureRecognizer +Extension.swift */; };
		8399176B2CDB23210024137D /* AllertHelper.swift in Sources */ = {isa = PBXBuildFile; fileRef = 8399176A2CDB23210024137D /* AllertHelper.swift */; };
		839917712CDB27230024137D /* DeveloperInfoModel.swift in Sources */ = {isa = PBXBuildFile; fileRef = 839917702CDB27230024137D /* DeveloperInfoModel.swift */; };
		839917732CDB303C0024137D /* PhotoEditorViewController.swift in Sources */ = {isa = PBXBuildFile; fileRef = 839917722CDB303C0024137D /* PhotoEditorViewController.swift */; };
		839917752CDB3D2B0024137D /* PhotoEditorViewModel.swift in Sources */ = {isa = PBXBuildFile; fileRef = 839917742CDB3D2B0024137D /* PhotoEditorViewModel.swift */; };
		83FFF0EF2CD8B5FE00433D21 /* AppDelegate.swift in Sources */ = {isa = PBXBuildFile; fileRef = 83FFF0EE2CD8B5FE00433D21 /* AppDelegate.swift */; };
		83FFF0F12CD8B5FE00433D21 /* SceneDelegate.swift in Sources */ = {isa = PBXBuildFile; fileRef = 83FFF0F02CD8B5FE00433D21 /* SceneDelegate.swift */; };
		83FFF0F32CD8B5FE00433D21 /* TabBarController.swift in Sources */ = {isa = PBXBuildFile; fileRef = 83FFF0F22CD8B5FE00433D21 /* TabBarController.swift */; };
		83FFF0F82CD8B5FF00433D21 /* Assets.xcassets in Resources */ = {isa = PBXBuildFile; fileRef = 83FFF0F72CD8B5FF00433D21 /* Assets.xcassets */; };
		83FFF0FB2CD8B5FF00433D21 /* Base in Resources */ = {isa = PBXBuildFile; fileRef = 83FFF0FA2CD8B5FF00433D21 /* Base */; };
		83FFF1092CD8C64000433D21 /* SettingViewController.swift in Sources */ = {isa = PBXBuildFile; fileRef = 83FFF1082CD8C64000433D21 /* SettingViewController.swift */; };
/* End PBXBuildFile section */

/* Begin PBXFileReference section */
		839917552CDAFF240024137D /* SettingViewModel.swift */ = {isa = PBXFileReference; lastKnownFileType = sourcecode.swift; path = SettingViewModel.swift; sourceTree = "<group>"; };
		839917592CDB0E120024137D /* ViewControllerBielder.swift */ = {isa = PBXFileReference; lastKnownFileType = sourcecode.swift; path = ViewControllerBielder.swift; sourceTree = "<group>"; };
		8399175D2CDB0E860024137D /* AboutAppViewController.swift */ = {isa = PBXFileReference; lastKnownFileType = sourcecode.swift; path = AboutAppViewController.swift; sourceTree = "<group>"; };
		8399175F2CDB0EAE0024137D /* AboutAppViewModel.swift */ = {isa = PBXFileReference; lastKnownFileType = sourcecode.swift; path = AboutAppViewModel.swift; sourceTree = "<group>"; };
		839917642CDB16380024137D /* UITapGestureRecognizer +Extension.swift */ = {isa = PBXFileReference; lastKnownFileType = sourcecode.swift; path = "UITapGestureRecognizer +Extension.swift"; sourceTree = "<group>"; };
		8399176A2CDB23210024137D /* AllertHelper.swift */ = {isa = PBXFileReference; lastKnownFileType = sourcecode.swift; path = AllertHelper.swift; sourceTree = "<group>"; };
		839917702CDB27230024137D /* DeveloperInfoModel.swift */ = {isa = PBXFileReference; lastKnownFileType = sourcecode.swift; path = DeveloperInfoModel.swift; sourceTree = "<group>"; };
		839917722CDB303C0024137D /* PhotoEditorViewController.swift */ = {isa = PBXFileReference; lastKnownFileType = sourcecode.swift; path = PhotoEditorViewController.swift; sourceTree = "<group>"; };
		839917742CDB3D2B0024137D /* PhotoEditorViewModel.swift */ = {isa = PBXFileReference; lastKnownFileType = sourcecode.swift; path = PhotoEditorViewModel.swift; sourceTree = "<group>"; };
		83FFF0EB2CD8B5FE00433D21 /* PhotoEditor.app */ = {isa = PBXFileReference; explicitFileType = wrapper.application; includeInIndex = 0; path = PhotoEditor.app; sourceTree = BUILT_PRODUCTS_DIR; };
		83FFF0EE2CD8B5FE00433D21 /* AppDelegate.swift */ = {isa = PBXFileReference; lastKnownFileType = sourcecode.swift; path = AppDelegate.swift; sourceTree = "<group>"; };
		83FFF0F02CD8B5FE00433D21 /* SceneDelegate.swift */ = {isa = PBXFileReference; lastKnownFileType = sourcecode.swift; path = SceneDelegate.swift; sourceTree = "<group>"; };
		83FFF0F22CD8B5FE00433D21 /* TabBarController.swift */ = {isa = PBXFileReference; lastKnownFileType = sourcecode.swift; path = TabBarController.swift; sourceTree = "<group>"; };
		83FFF0F72CD8B5FF00433D21 /* Assets.xcassets */ = {isa = PBXFileReference; lastKnownFileType = folder.assetcatalog; path = Assets.xcassets; sourceTree = "<group>"; };
		83FFF0FA2CD8B5FF00433D21 /* Base */ = {isa = PBXFileReference; lastKnownFileType = file.storyboard; name = Base; path = Base.lproj/LaunchScreen.storyboard; sourceTree = "<group>"; };
		83FFF0FC2CD8B5FF00433D21 /* Info.plist */ = {isa = PBXFileReference; lastKnownFileType = text.plist.xml; path = Info.plist; sourceTree = "<group>"; };
		83FFF1082CD8C64000433D21 /* SettingViewController.swift */ = {isa = PBXFileReference; lastKnownFileType = sourcecode.swift; path = SettingViewController.swift; sourceTree = "<group>"; };
/* End PBXFileReference section */

/* Begin PBXFrameworksBuildPhase section */
		83FFF0E82CD8B5FE00433D21 /* Frameworks */ = {
			isa = PBXFrameworksBuildPhase;
			buildActionMask = 2147483647;
			files = (
			);
			runOnlyForDeploymentPostprocessing = 0;
		};
/* End PBXFrameworksBuildPhase section */

/* Begin PBXGroup section */
		839917572CDB0DE80024137D /* AboutAppViewController */ = {
			isa = PBXGroup;
			children = (
				8399175D2CDB0E860024137D /* AboutAppViewController.swift */,
				8399175F2CDB0EAE0024137D /* AboutAppViewModel.swift */,
				839917702CDB27230024137D /* DeveloperInfoModel.swift */,
			);
			path = AboutAppViewController;
			sourceTree = "<group>";
		};
		8399175B2CDB0E160024137D /* Helpers */ = {
			isa = PBXGroup;
			children = (
				8399176A2CDB23210024137D /* AllertHelper.swift */,
			);
			path = Helpers;
			sourceTree = "<group>";
		};
		8399175C2CDB0E320024137D /* Builders */ = {
			isa = PBXGroup;
			children = (
				839917592CDB0E120024137D /* ViewControllerBielder.swift */,
			);
			path = Builders;
			sourceTree = "<group>";
		};
		839917632CDB16250024137D /* Extensions */ = {
			isa = PBXGroup;
			children = (
				839917642CDB16380024137D /* UITapGestureRecognizer +Extension.swift */,
			);
			path = Extensions;
			sourceTree = "<group>";
		};
		8399176F2CDB26850024137D /* Flow */ = {
			isa = PBXGroup;
			children = (
				83FFF1052CD8C56F00433D21 /* TabBarController */,
				839917572CDB0DE80024137D /* AboutAppViewController */,
				83FFF1072CD8C5A300433D21 /* SettingViewController */,
				83FFF1062CD8C58100433D21 /* PhotoEditorViewControoler */,
			);
			path = Flow;
			sourceTree = "<group>";
		};
		83FFF0E22CD8B5FE00433D21 = {
			isa = PBXGroup;
			children = (
				83FFF0ED2CD8B5FE00433D21 /* PhotoEditor */,
				83FFF0EC2CD8B5FE00433D21 /* Products */,
			);
			sourceTree = "<group>";
		};
		83FFF0EC2CD8B5FE00433D21 /* Products */ = {
			isa = PBXGroup;
			children = (
				83FFF0EB2CD8B5FE00433D21 /* PhotoEditor.app */,
			);
			name = Products;
			sourceTree = "<group>";
		};
		83FFF0ED2CD8B5FE00433D21 /* PhotoEditor */ = {
			isa = PBXGroup;
			children = (
				83FFF1032CD8B9A500433D21 /* Resources */,
				83FFF1022CD8B98A00433D21 /* Sources */,
			);
			path = PhotoEditor;
			sourceTree = "<group>";
		};
		83FFF1022CD8B98A00433D21 /* Sources */ = {
			isa = PBXGroup;
			children = (
				83FFF1042CD8B9AD00433D21 /* App */,
				8399176F2CDB26850024137D /* Flow */,
				8399175B2CDB0E160024137D /* Helpers */,
				8399175C2CDB0E320024137D /* Builders */,
				839917632CDB16250024137D /* Extensions */,
			);
			path = Sources;
			sourceTree = "<group>";
		};
		83FFF1032CD8B9A500433D21 /* Resources */ = {
			isa = PBXGroup;
			children = (
				83FFF0F72CD8B5FF00433D21 /* Assets.xcassets */,
				83FFF0F92CD8B5FF00433D21 /* LaunchScreen.storyboard */,
				83FFF0FC2CD8B5FF00433D21 /* Info.plist */,
			);
			path = Resources;
			sourceTree = "<group>";
		};
		83FFF1042CD8B9AD00433D21 /* App */ = {
			isa = PBXGroup;
			children = (
				83FFF0EE2CD8B5FE00433D21 /* AppDelegate.swift */,
				83FFF0F02CD8B5FE00433D21 /* SceneDelegate.swift */,
			);
			path = App;
			sourceTree = "<group>";
		};
		83FFF1052CD8C56F00433D21 /* TabBarController */ = {
			isa = PBXGroup;
			children = (
				83FFF0F22CD8B5FE00433D21 /* TabBarController.swift */,
			);
			path = TabBarController;
			sourceTree = "<group>";
		};
		83FFF1062CD8C58100433D21 /* PhotoEditorViewControoler */ = {
			isa = PBXGroup;
			children = (
				839917722CDB303C0024137D /* PhotoEditorViewController.swift */,
				839917742CDB3D2B0024137D /* PhotoEditorViewModel.swift */,
			);
			path = PhotoEditorViewControoler;
			sourceTree = "<group>";
		};
		83FFF1072CD8C5A300433D21 /* SettingViewController */ = {
			isa = PBXGroup;
			children = (
				83FFF1082CD8C64000433D21 /* SettingViewController.swift */,
				839917552CDAFF240024137D /* SettingViewModel.swift */,
			);
			path = SettingViewController;
			sourceTree = "<group>";
		};
/* End PBXGroup section */

/* Begin PBXNativeTarget section */
		83FFF0EA2CD8B5FE00433D21 /* PhotoEditor */ = {
			isa = PBXNativeTarget;
			buildConfigurationList = 83FFF0FF2CD8B5FF00433D21 /* Build configuration list for PBXNativeTarget "PhotoEditor" */;
			buildPhases = (
				83FFF0E72CD8B5FE00433D21 /* Sources */,
				83FFF0E82CD8B5FE00433D21 /* Frameworks */,
				83FFF0E92CD8B5FE00433D21 /* Resources */,
			);
			buildRules = (
			);
			dependencies = (
			);
			name = PhotoEditor;
			productName = PhotoEditor;
			productReference = 83FFF0EB2CD8B5FE00433D21 /* PhotoEditor.app */;
			productType = "com.apple.product-type.application";
		};
/* End PBXNativeTarget section */

/* Begin PBXProject section */
		83FFF0E32CD8B5FE00433D21 /* Project object */ = {
			isa = PBXProject;
			attributes = {
				BuildIndependentTargetsInParallel = 1;
				LastSwiftUpdateCheck = 1530;
				LastUpgradeCheck = 1530;
				TargetAttributes = {
					83FFF0EA2CD8B5FE00433D21 = {
						CreatedOnToolsVersion = 15.3;
					};
				};
			};
			buildConfigurationList = 83FFF0E62CD8B5FE00433D21 /* Build configuration list for PBXProject "PhotoEditor" */;
			compatibilityVersion = "Xcode 14.0";
			developmentRegion = en;
			hasScannedForEncodings = 0;
			knownRegions = (
				en,
				Base,
			);
			mainGroup = 83FFF0E22CD8B5FE00433D21;
			productRefGroup = 83FFF0EC2CD8B5FE00433D21 /* Products */;
			projectDirPath = "";
			projectRoot = "";
			targets = (
				83FFF0EA2CD8B5FE00433D21 /* PhotoEditor */,
			);
		};
/* End PBXProject section */

/* Begin PBXResourcesBuildPhase section */
		83FFF0E92CD8B5FE00433D21 /* Resources */ = {
			isa = PBXResourcesBuildPhase;
			buildActionMask = 2147483647;
			files = (
				83FFF0F82CD8B5FF00433D21 /* Assets.xcassets in Resources */,
				83FFF0FB2CD8B5FF00433D21 /* Base in Resources */,
			);
			runOnlyForDeploymentPostprocessing = 0;
		};
/* End PBXResourcesBuildPhase section */

/* Begin PBXSourcesBuildPhase section */
		83FFF0E72CD8B5FE00433D21 /* Sources */ = {
			isa = PBXSourcesBuildPhase;
			buildActionMask = 2147483647;
			files = (
				839917602CDB0EAE0024137D /* AboutAppViewModel.swift in Sources */,
				83FFF0F32CD8B5FE00433D21 /* TabBarController.swift in Sources */,
				839917562CDAFF240024137D /* SettingViewModel.swift in Sources */,
				8399175E2CDB0E860024137D /* AboutAppViewController.swift in Sources */,
				839917752CDB3D2B0024137D /* PhotoEditorViewModel.swift in Sources */,
				83FFF0EF2CD8B5FE00433D21 /* AppDelegate.swift in Sources */,
				8399176B2CDB23210024137D /* AllertHelper.swift in Sources */,
				839917712CDB27230024137D /* DeveloperInfoModel.swift in Sources */,
				83FFF0F12CD8B5FE00433D21 /* SceneDelegate.swift in Sources */,
				8399175A2CDB0E120024137D /* ViewControllerBielder.swift in Sources */,
				839917732CDB303C0024137D /* PhotoEditorViewController.swift in Sources */,
				839917652CDB16380024137D /* UITapGestureRecognizer +Extension.swift in Sources */,
				83FFF1092CD8C64000433D21 /* SettingViewController.swift in Sources */,
			);
			runOnlyForDeploymentPostprocessing = 0;
		};
/* End PBXSourcesBuildPhase section */

/* Begin PBXVariantGroup section */
		83FFF0F92CD8B5FF00433D21 /* LaunchScreen.storyboard */ = {
			isa = PBXVariantGroup;
			children = (
				83FFF0FA2CD8B5FF00433D21 /* Base */,
			);
			name = LaunchScreen.storyboard;
			sourceTree = "<group>";
		};
/* End PBXVariantGroup section */

/* Begin XCBuildConfiguration section */
		83FFF0FD2CD8B5FF00433D21 /* Debug */ = {
			isa = XCBuildConfiguration;
			buildSettings = {
				ALWAYS_SEARCH_USER_PATHS = NO;
				ASSETCATALOG_COMPILER_GENERATE_SWIFT_ASSET_SYMBOL_EXTENSIONS = YES;
				CLANG_ANALYZER_NONNULL = YES;
				CLANG_ANALYZER_NUMBER_OBJECT_CONVERSION = YES_AGGRESSIVE;
				CLANG_CXX_LANGUAGE_STANDARD = "gnu++20";
				CLANG_ENABLE_MODULES = YES;
				CLANG_ENABLE_OBJC_ARC = YES;
				CLANG_ENABLE_OBJC_WEAK = YES;
				CLANG_WARN_BLOCK_CAPTURE_AUTORELEASING = YES;
				CLANG_WARN_BOOL_CONVERSION = YES;
				CLANG_WARN_COMMA = YES;
				CLANG_WARN_CONSTANT_CONVERSION = YES;
				CLANG_WARN_DEPRECATED_OBJC_IMPLEMENTATIONS = YES;
				CLANG_WARN_DIRECT_OBJC_ISA_USAGE = YES_ERROR;
				CLANG_WARN_DOCUMENTATION_COMMENTS = YES;
				CLANG_WARN_EMPTY_BODY = YES;
				CLANG_WARN_ENUM_CONVERSION = YES;
				CLANG_WARN_INFINITE_RECURSION = YES;
				CLANG_WARN_INT_CONVERSION = YES;
				CLANG_WARN_NON_LITERAL_NULL_CONVERSION = YES;
				CLANG_WARN_OBJC_IMPLICIT_RETAIN_SELF = YES;
				CLANG_WARN_OBJC_LITERAL_CONVERSION = YES;
				CLANG_WARN_OBJC_ROOT_CLASS = YES_ERROR;
				CLANG_WARN_QUOTED_INCLUDE_IN_FRAMEWORK_HEADER = YES;
				CLANG_WARN_RANGE_LOOP_ANALYSIS = YES;
				CLANG_WARN_STRICT_PROTOTYPES = YES;
				CLANG_WARN_SUSPICIOUS_MOVE = YES;
				CLANG_WARN_UNGUARDED_AVAILABILITY = YES_AGGRESSIVE;
				CLANG_WARN_UNREACHABLE_CODE = YES;
				CLANG_WARN__DUPLICATE_METHOD_MATCH = YES;
				COPY_PHASE_STRIP = NO;
				DEBUG_INFORMATION_FORMAT = dwarf;
				ENABLE_STRICT_OBJC_MSGSEND = YES;
				ENABLE_TESTABILITY = YES;
				ENABLE_USER_SCRIPT_SANDBOXING = YES;
				GCC_C_LANGUAGE_STANDARD = gnu17;
				GCC_DYNAMIC_NO_PIC = NO;
				GCC_NO_COMMON_BLOCKS = YES;
				GCC_OPTIMIZATION_LEVEL = 0;
				GCC_PREPROCESSOR_DEFINITIONS = (
					"DEBUG=1",
					"$(inherited)",
				);
				GCC_WARN_64_TO_32_BIT_CONVERSION = YES;
				GCC_WARN_ABOUT_RETURN_TYPE = YES_ERROR;
				GCC_WARN_UNDECLARED_SELECTOR = YES;
				GCC_WARN_UNINITIALIZED_AUTOS = YES_AGGRESSIVE;
				GCC_WARN_UNUSED_FUNCTION = YES;
				GCC_WARN_UNUSED_VARIABLE = YES;
				IPHONEOS_DEPLOYMENT_TARGET = 17.4;
				LOCALIZATION_PREFERS_STRING_CATALOGS = YES;
				MTL_ENABLE_DEBUG_INFO = INCLUDE_SOURCE;
				MTL_FAST_MATH = YES;
				ONLY_ACTIVE_ARCH = YES;
				SDKROOT = iphoneos;
				SWIFT_ACTIVE_COMPILATION_CONDITIONS = "DEBUG $(inherited)";
				SWIFT_OPTIMIZATION_LEVEL = "-Onone";
			};
			name = Debug;
		};
		83FFF0FE2CD8B5FF00433D21 /* Release */ = {
			isa = XCBuildConfiguration;
			buildSettings = {
				ALWAYS_SEARCH_USER_PATHS = NO;
				ASSETCATALOG_COMPILER_GENERATE_SWIFT_ASSET_SYMBOL_EXTENSIONS = YES;
				CLANG_ANALYZER_NONNULL = YES;
				CLANG_ANALYZER_NUMBER_OBJECT_CONVERSION = YES_AGGRESSIVE;
				CLANG_CXX_LANGUAGE_STANDARD = "gnu++20";
				CLANG_ENABLE_MODULES = YES;
				CLANG_ENABLE_OBJC_ARC = YES;
				CLANG_ENABLE_OBJC_WEAK = YES;
				CLANG_WARN_BLOCK_CAPTURE_AUTORELEASING = YES;
				CLANG_WARN_BOOL_CONVERSION = YES;
				CLANG_WARN_COMMA = YES;
				CLANG_WARN_CONSTANT_CONVERSION = YES;
				CLANG_WARN_DEPRECATED_OBJC_IMPLEMENTATIONS = YES;
				CLANG_WARN_DIRECT_OBJC_ISA_USAGE = YES_ERROR;
				CLANG_WARN_DOCUMENTATION_COMMENTS = YES;
				CLANG_WARN_EMPTY_BODY = YES;
				CLANG_WARN_ENUM_CONVERSION = YES;
				CLANG_WARN_INFINITE_RECURSION = YES;
				CLANG_WARN_INT_CONVERSION = YES;
				CLANG_WARN_NON_LITERAL_NULL_CONVERSION = YES;
				CLANG_WARN_OBJC_IMPLICIT_RETAIN_SELF = YES;
				CLANG_WARN_OBJC_LITERAL_CONVERSION = YES;
				CLANG_WARN_OBJC_ROOT_CLASS = YES_ERROR;
				CLANG_WARN_QUOTED_INCLUDE_IN_FRAMEWORK_HEADER = YES;
				CLANG_WARN_RANGE_LOOP_ANALYSIS = YES;
				CLANG_WARN_STRICT_PROTOTYPES = YES;
				CLANG_WARN_SUSPICIOUS_MOVE = YES;
				CLANG_WARN_UNGUARDED_AVAILABILITY = YES_AGGRESSIVE;
				CLANG_WARN_UNREACHABLE_CODE = YES;
				CLANG_WARN__DUPLICATE_METHOD_MATCH = YES;
				COPY_PHASE_STRIP = NO;
				DEBUG_INFORMATION_FORMAT = "dwarf-with-dsym";
				ENABLE_NS_ASSERTIONS = NO;
				ENABLE_STRICT_OBJC_MSGSEND = YES;
				ENABLE_USER_SCRIPT_SANDBOXING = YES;
				GCC_C_LANGUAGE_STANDARD = gnu17;
				GCC_NO_COMMON_BLOCKS = YES;
				GCC_WARN_64_TO_32_BIT_CONVERSION = YES;
				GCC_WARN_ABOUT_RETURN_TYPE = YES_ERROR;
				GCC_WARN_UNDECLARED_SELECTOR = YES;
				GCC_WARN_UNINITIALIZED_AUTOS = YES_AGGRESSIVE;
				GCC_WARN_UNUSED_FUNCTION = YES;
				GCC_WARN_UNUSED_VARIABLE = YES;
				IPHONEOS_DEPLOYMENT_TARGET = 17.4;
				LOCALIZATION_PREFERS_STRING_CATALOGS = YES;
				MTL_ENABLE_DEBUG_INFO = NO;
				MTL_FAST_MATH = YES;
				SDKROOT = iphoneos;
				SWIFT_COMPILATION_MODE = wholemodule;
				VALIDATE_PRODUCT = YES;
			};
			name = Release;
		};
		83FFF1002CD8B5FF00433D21 /* Debug */ = {
			isa = XCBuildConfiguration;
			buildSettings = {
				ASSETCATALOG_COMPILER_APPICON_NAME = AppIcon;
				ASSETCATALOG_COMPILER_GLOBAL_ACCENT_COLOR_NAME = AccentColor;
				CODE_SIGN_STYLE = Automatic;
				CURRENT_PROJECT_VERSION = 1;
				DEVELOPMENT_TEAM = 8PHY3R68LB;
				GENERATE_INFOPLIST_FILE = YES;
				INFOPLIST_FILE = PhotoEditor/Resources/Info.plist;
				INFOPLIST_KEY_NSPhotoLibraryAddUsageDescription = "This app needs access to your photo library to save edited photos.";
				INFOPLIST_KEY_UIApplicationSupportsIndirectInputEvents = YES;
				INFOPLIST_KEY_UILaunchStoryboardName = LaunchScreen;
				INFOPLIST_KEY_UISupportedInterfaceOrientations_iPad = "UIInterfaceOrientationPortrait UIInterfaceOrientationPortraitUpsideDown UIInterfaceOrientationLandscapeLeft UIInterfaceOrientationLandscapeRight";
				INFOPLIST_KEY_UISupportedInterfaceOrientations_iPhone = "UIInterfaceOrientationPortrait UIInterfaceOrientationLandscapeLeft UIInterfaceOrientationLandscapeRight";
				LD_RUNPATH_SEARCH_PATHS = (
					"$(inherited)",
					"@executable_path/Frameworks",
				);
				MARKETING_VERSION = 1.0;
				PRODUCT_BUNDLE_IDENTIFIER = daniilDavidovich.PhotoEditor;
				PRODUCT_NAME = "$(TARGET_NAME)";
				SWIFT_EMIT_LOC_STRINGS = YES;
				SWIFT_VERSION = 5.0;
				TARGETED_DEVICE_FAMILY = "1,2";
			};
			name = Debug;
		};
		83FFF1012CD8B5FF00433D21 /* Release */ = {
			isa = XCBuildConfiguration;
			buildSettings = {
				ASSETCATALOG_COMPILER_APPICON_NAME = AppIcon;
				ASSETCATALOG_COMPILER_GLOBAL_ACCENT_COLOR_NAME = AccentColor;
				CODE_SIGN_STYLE = Automatic;
				CURRENT_PROJECT_VERSION = 1;
				DEVELOPMENT_TEAM = 8PHY3R68LB;
				GENERATE_INFOPLIST_FILE = YES;
				INFOPLIST_FILE = PhotoEditor/Resources/Info.plist;
				INFOPLIST_KEY_NSPhotoLibraryAddUsageDescription = "This app needs access to your photo library to save edited photos.";
				INFOPLIST_KEY_UIApplicationSupportsIndirectInputEvents = YES;
				INFOPLIST_KEY_UILaunchStoryboardName = LaunchScreen;
				INFOPLIST_KEY_UISupportedInterfaceOrientations_iPad = "UIInterfaceOrientationPortrait UIInterfaceOrientationPortraitUpsideDown UIInterfaceOrientationLandscapeLeft UIInterfaceOrientationLandscapeRight";
				INFOPLIST_KEY_UISupportedInterfaceOrientations_iPhone = "UIInterfaceOrientationPortrait UIInterfaceOrientationLandscapeLeft UIInterfaceOrientationLandscapeRight";
				LD_RUNPATH_SEARCH_PATHS = (
					"$(inherited)",
					"@executable_path/Frameworks",
				);
				MARKETING_VERSION = 1.0;
				PRODUCT_BUNDLE_IDENTIFIER = daniilDavidovich.PhotoEditor;
				PRODUCT_NAME = "$(TARGET_NAME)";
				SWIFT_EMIT_LOC_STRINGS = YES;
				SWIFT_VERSION = 5.0;
				TARGETED_DEVICE_FAMILY = "1,2";
			};
			name = Release;
		};
/* End XCBuildConfiguration section */

/* Begin XCConfigurationList section */
		83FFF0E62CD8B5FE00433D21 /* Build configuration list for PBXProject "PhotoEditor" */ = {
			isa = XCConfigurationList;
			buildConfigurations = (
				83FFF0FD2CD8B5FF00433D21 /* Debug */,
				83FFF0FE2CD8B5FF00433D21 /* Release */,
			);
			defaultConfigurationIsVisible = 0;
			defaultConfigurationName = Release;
		};
		83FFF0FF2CD8B5FF00433D21 /* Build configuration list for PBXNativeTarget "PhotoEditor" */ = {
			isa = XCConfigurationList;
			buildConfigurations = (
				83FFF1002CD8B5FF00433D21 /* Debug */,
				83FFF1012CD8B5FF00433D21 /* Release */,
			);
			defaultConfigurationIsVisible = 0;
			defaultConfigurationName = Release;
		};
/* End XCConfigurationList section */
	};
	rootObject = 83FFF0E32CD8B5FE00433D21 /* Project object */;
}
